
Microsoft Visual Studio Solution File, Format Version 12.00
# Visual Studio Version 16
VisualStudioVersion = 16.0.29209.62
MinimumVisualStudioVersion = 10.0.40219.1
Project("{FAE04EC0-301F-11D3-BF4B-00C04F79EFBC}") = "CarsShop", "CarsShop\CarsShop.csproj", "{FF868C64-7484-4763-820A-1B19BC2C7F09}"
EndProject
Project("{FAE04EC0-301F-11D3-BF4B-00C04F79EFBC}") = "CarsShopLibrary", "CarsShopLibrary\CarsShopLibrary.csproj", "{BEF5660E-1886-4F79-B760-8B363DD89CE5}"
EndProject
Global
	GlobalSection(SolutionConfigurationPlatforms) = preSolution
		Debug|Any CPU = Debug|Any CPU
		Release|Any CPU = Release|Any CPU
	EndGlobalSection
	GlobalSection(ProjectConfigurationPlatforms) = postSolution
		{FF868C64-7484-4763-820A-1B19BC2C7F09}.Debug|Any CPU.ActiveCfg = Debug|Any CPU
		{FF868C64-7484-4763-820A-1B19BC2C7F09}.Debug|Any CPU.Build.0 = Debug|Any CPU
		{FF868C64-7484-4763-820A-1B19BC2C7F09}.Release|Any CPU.ActiveCfg = Release|Any CPU
		{FF868C64-7484-4763-820A-1B19BC2C7F09}.Release|Any CPU.Build.0 = Release|Any CPU
		{BEF5660E-1886-4F79-B760-8B363DD89CE5}.Debug|Any CPU.ActiveCfg = Debug|Any CPU
		{BEF5660E-1886-4F79-B760-8B363DD89CE5}.Debug|Any CPU.Build.0 = Debug|Any CPU
		{BEF5660E-1886-4F79-B760-8B363DD89CE5}.Release|Any CPU.ActiveCfg = Release|Any CPU
		{BEF5660E-1886-4F79-B760-8B363DD89CE5}.Release|Any CPU.Build.0 = Release|Any CPU
	EndGlobalSection
	GlobalSection(SolutionProperties) = preSolution
		HideSolutionNode = FALSE
	EndGlobalSection
	GlobalSection(ExtensibilityGlobals) = postSolution
		SolutionGuid = {9E1A44B7-DE96-4957-9D7A-EEAAAD8C78A3}
	EndGlobalSection
EndGlobal
